{
    "version": 3,
    "terraform_version": "0.11.3",
    "serial": 6,
    "lineage": "3c372038-4f05-4c67-aed0-5b02123bd707",
    "modules": [
        {
            "path": [
                "root"
            ],
            "outputs": {},
            "resources": {
                "azurerm_managed_disk.app_datadisk": {
                    "type": "azurerm_managed_disk",
                    "depends_on": [
                        "azurerm_resource_group.rg"
                    ],
                    "primary": {
                        "id": "/subscriptions/39ac48fb-fea0-486a-ba84-e0ae9b06c663/resourceGroups/sean_terraform_testing/providers/Microsoft.Compute/disks/sttappvm01-datadisk",
                        "attributes": {
                            "create_option": "Empty",
                            "disk_size_gb": "1023",
                            "id": "/subscriptions/39ac48fb-fea0-486a-ba84-e0ae9b06c663/resourceGroups/sean_terraform_testing/providers/Microsoft.Compute/disks/sttappvm01-datadisk",
                            "location": "eastus",
                            "name": "sttappvm01-datadisk",
                            "resource_group_name": "sean_terraform_testing",
                            "storage_account_type": "Standard_LRS",
                            "tags.%": "0"
                        },
                        "meta": {},
                        "tainted": false
                    },
                    "deposed": [],
                    "provider": "provider.azurerm"
                },
                "azurerm_public_ip.app_pip": {
                    "type": "azurerm_public_ip",
                    "depends_on": [
                        "azurerm_resource_group.rg"
                    ],
                    "primary": {
                        "id": "/subscriptions/39ac48fb-fea0-486a-ba84-e0ae9b06c663/resourceGroups/sean_terraform_testing/providers/Microsoft.Network/publicIPAddresses/sttapp-ip",
                        "attributes": {
                            "domain_name_label": "sttappvm01",
                            "fqdn": "sttappvm01.eastus.cloudapp.azure.com",
                            "id": "/subscriptions/39ac48fb-fea0-486a-ba84-e0ae9b06c663/resourceGroups/sean_terraform_testing/providers/Microsoft.Network/publicIPAddresses/sttapp-ip",
                            "location": "eastus",
                            "name": "sttapp-ip",
                            "public_ip_address_allocation": "dynamic",
                            "resource_group_name": "sean_terraform_testing",
                            "sku": "Basic",
                            "tags.%": "0"
                        },
                        "meta": {},
                        "tainted": false
                    },
                    "deposed": [],
                    "provider": "provider.azurerm"
                },
                "azurerm_resource_group.rg": {
                    "type": "azurerm_resource_group",
                    "depends_on": [],
                    "primary": {
                        "id": "/subscriptions/39ac48fb-fea0-486a-ba84-e0ae9b06c663/resourceGroups/sean_terraform_testing",
                        "attributes": {
                            "id": "/subscriptions/39ac48fb-fea0-486a-ba84-e0ae9b06c663/resourceGroups/sean_terraform_testing",
                            "location": "eastus",
                            "name": "sean_terraform_testing",
                            "tags.%": "0"
                        },
                        "meta": {},
                        "tainted": false
                    },
                    "deposed": [],
                    "provider": "provider.azurerm"
                },
                "azurerm_storage_account.stor": {
                    "type": "azurerm_storage_account",
                    "depends_on": [
                        "azurerm_resource_group.rg"
                    ],
                    "primary": {
                        "id": "/subscriptions/39ac48fb-fea0-486a-ba84-e0ae9b06c663/resourceGroups/sean_terraform_testing/providers/Microsoft.Storage/storageAccounts/sttappvm01stor",
                        "attributes": {
                            "access_tier": "",
                            "account_encryption_source": "Microsoft.Storage",
                            "account_kind": "Storage",
                            "account_replication_type": "LRS",
                            "account_tier": "Standard",
                            "account_type": "Standard_LRS",
                            "enable_blob_encryption": "true",
                            "enable_file_encryption": "true",
                            "enable_https_traffic_only": "false",
                            "id": "/subscriptions/39ac48fb-fea0-486a-ba84-e0ae9b06c663/resourceGroups/sean_terraform_testing/providers/Microsoft.Storage/storageAccounts/sttappvm01stor",
                            "location": "eastus",
                            "name": "sttappvm01stor",
                            "primary_access_key": "4SQfJYGz76SuNP0FJK3RDgF7SwEpCjwamUtkPRtKw7jg42Lr3voW9fJNyBWckWDfFHFBuWAbYh96Ky9BYoS9tw==",
                            "primary_blob_connection_string": "DefaultEndpointsProtocol=https;BlobEndpoint=https://sttappvm01stor.blob.core.windows.net/;AccountName=sttappvm01stor;AccountKey=4SQfJYGz76SuNP0FJK3RDgF7SwEpCjwamUtkPRtKw7jg42Lr3voW9fJNyBWckWDfFHFBuWAbYh96Ky9BYoS9tw==",
                            "primary_blob_endpoint": "https://sttappvm01stor.blob.core.windows.net/",
                            "primary_connection_string": "DefaultEndpointsProtocol=https;AccountName=sttappvm01stor;AccountKey=4SQfJYGz76SuNP0FJK3RDgF7SwEpCjwamUtkPRtKw7jg42Lr3voW9fJNyBWckWDfFHFBuWAbYh96Ky9BYoS9tw==;EndpointSuffix=core.windows.net",
                            "primary_file_endpoint": "https://sttappvm01stor.file.core.windows.net/",
                            "primary_location": "eastus",
                            "primary_queue_endpoint": "https://sttappvm01stor.queue.core.windows.net/",
                            "primary_table_endpoint": "https://sttappvm01stor.table.core.windows.net/",
                            "resource_group_name": "sean_terraform_testing",
                            "secondary_access_key": "Tu81lU4T4wWa1SPjyFeNTHeVfJsSap2dwm0uhFAjSBPPDZebAFvyMF/o/HgtzFAZzcykYTW4+awSdru0n6MwkQ==",
                            "secondary_connection_string": "DefaultEndpointsProtocol=https;AccountName=sttappvm01stor;AccountKey=Tu81lU4T4wWa1SPjyFeNTHeVfJsSap2dwm0uhFAjSBPPDZebAFvyMF/o/HgtzFAZzcykYTW4+awSdru0n6MwkQ==;EndpointSuffix=core.windows.net",
                            "secondary_location": "",
                            "tags.%": "0"
                        },
                        "meta": {
                            "schema_version": "2"
                        },
                        "tainted": false
                    },
                    "deposed": [],
                    "provider": "provider.azurerm"
                },
                "azurerm_subnet.app_subnet": {
                    "type": "azurerm_subnet",
                    "depends_on": [
                        "azurerm_resource_group.rg",
                        "azurerm_virtual_network.vnet"
                    ],
                    "primary": {
                        "id": "/subscriptions/39ac48fb-fea0-486a-ba84-e0ae9b06c663/resourceGroups/sean_terraform_testing/providers/Microsoft.Network/virtualNetworks/sean_terraform_testingvnet/subnets/app_subnet",
                        "attributes": {
                            "address_prefix": "10.1.0.0/25",
                            "id": "/subscriptions/39ac48fb-fea0-486a-ba84-e0ae9b06c663/resourceGroups/sean_terraform_testing/providers/Microsoft.Network/virtualNetworks/sean_terraform_testingvnet/subnets/app_subnet",
                            "ip_configurations.#": "0",
                            "name": "app_subnet",
                            "resource_group_name": "sean_terraform_testing",
                            "service_endpoints.#": "0",
                            "virtual_network_name": "sean_terraform_testingvnet"
                        },
                        "meta": {},
                        "tainted": false
                    },
                    "deposed": [],
                    "provider": "provider.azurerm"
                },
                "azurerm_subnet.backend_subnet": {
                    "type": "azurerm_subnet",
                    "depends_on": [
                        "azurerm_resource_group.rg",
                        "azurerm_virtual_network.vnet"
                    ],
                    "primary": {
                        "id": "/subscriptions/39ac48fb-fea0-486a-ba84-e0ae9b06c663/resourceGroups/sean_terraform_testing/providers/Microsoft.Network/virtualNetworks/sean_terraform_testingvnet/subnets/backend_subnet",
                        "attributes": {
                            "address_prefix": "10.1.0.128/25",
                            "id": "/subscriptions/39ac48fb-fea0-486a-ba84-e0ae9b06c663/resourceGroups/sean_terraform_testing/providers/Microsoft.Network/virtualNetworks/sean_terraform_testingvnet/subnets/backend_subnet",
                            "ip_configurations.#": "0",
                            "name": "backend_subnet",
                            "resource_group_name": "sean_terraform_testing",
                            "service_endpoints.#": "0",
                            "virtual_network_name": "sean_terraform_testingvnet"
                        },
                        "meta": {},
                        "tainted": false
                    },
                    "deposed": [],
                    "provider": "provider.azurerm"
                },
                "azurerm_virtual_network.vnet": {
                    "type": "azurerm_virtual_network",
                    "depends_on": [
                        "azurerm_resource_group.rg"
                    ],
                    "primary": {
                        "id": "/subscriptions/39ac48fb-fea0-486a-ba84-e0ae9b06c663/resourceGroups/sean_terraform_testing/providers/Microsoft.Network/virtualNetworks/sean_terraform_testingvnet",
                        "attributes": {
                            "address_space.#": "1",
                            "address_space.0": "10.1.0.0/24",
                            "dns_servers.#": "0",
                            "id": "/subscriptions/39ac48fb-fea0-486a-ba84-e0ae9b06c663/resourceGroups/sean_terraform_testing/providers/Microsoft.Network/virtualNetworks/sean_terraform_testingvnet",
                            "location": "eastus",
                            "name": "sean_terraform_testingvnet",
                            "resource_group_name": "sean_terraform_testing",
                            "subnet.#": "0",
                            "tags.%": "0"
                        },
                        "meta": {},
                        "tainted": false
                    },
                    "deposed": [],
                    "provider": "provider.azurerm"
                }
            },
            "depends_on": []
        }
    ]
}
